
Microsoft Visual Studio Solution File, Format Version 12.00
# Visual Studio 15
VisualStudioVersion = 15.0.28307.438
MinimumVisualStudioVersion = 10.0.40219.1
Project("{FAE04EC0-301F-11D3-BF4B-00C04F79EFBC}") = "ToyStoryApplication", "ToyStoryApplication\ToyStoryApplication.csproj", "{5F7C8131-EC5E-47DA-AD5B-9B0CAAC4A388}"
EndProject
Global
	GlobalSection(SolutionConfigurationPlatforms) = preSolution
		Debug|Any CPU = Debug|Any CPU
		Release|Any CPU = Release|Any CPU
	EndGlobalSection
	GlobalSection(ProjectConfigurationPlatforms) = postSolution
		{5F7C8131-EC5E-47DA-AD5B-9B0CAAC4A388}.Debug|Any CPU.ActiveCfg = Debug|Any CPU
		{5F7C8131-EC5E-47DA-AD5B-9B0CAAC4A388}.Debug|Any CPU.Build.0 = Debug|Any CPU
		{5F7C8131-EC5E-47DA-AD5B-9B0CAAC4A388}.Release|Any CPU.ActiveCfg = Release|Any CPU
		{5F7C8131-EC5E-47DA-AD5B-9B0CAAC4A388}.Release|Any CPU.Build.0 = Release|Any CPU
	EndGlobalSection
	GlobalSection(SolutionProperties) = preSolution
		HideSolutionNode = FALSE
	EndGlobalSection
	GlobalSection(ExtensibilityGlobals) = postSolution
		SolutionGuid = {69969FE3-0608-408D-A557-2A916A4594C3}
	EndGlobalSection
EndGlobal
